
Microsoft Visual Studio Solution File, Format Version 12.00
# Visual Studio 2013
VisualStudioVersion = 12.0.40629.0
MinimumVisualStudioVersion = 10.0.40219.1
Project("{FAE04EC0-301F-11D3-BF4B-00C04F79EFBC}") = "HD-Frontend", "HD-Frontend\HD-Frontend.csproj", "{8E3C642D-FB72-4D42-98A9-FFAAA27A551B}"
EndProject
Project("{FAE04EC0-301F-11D3-BF4B-00C04F79EFBC}") = "HD-FrontendNew", "HD-FrontendNew\HD-FrontendNew.csproj", "{DEA165DA-678C-4CAF-AA0C-569B6100958B}"
EndProject
Global
	GlobalSection(SolutionConfigurationPlatforms) = preSolution
		Debug|Any CPU = Debug|Any CPU
		Debug|Mixed Platforms = Debug|Mixed Platforms
		Debug|Win32 = Debug|Win32
		Debug|x86 = Debug|x86
		Release|Any CPU = Release|Any CPU
		Release|Mixed Platforms = Release|Mixed Platforms
		Release|Win32 = Release|Win32
		Release|x86 = Release|x86
	EndGlobalSection
	GlobalSection(ProjectConfigurationPlatforms) = postSolution
		{8E3C642D-FB72-4D42-98A9-FFAAA27A551B}.Debug|Any CPU.ActiveCfg = Debug|x86
		{8E3C642D-FB72-4D42-98A9-FFAAA27A551B}.Debug|Mixed Platforms.ActiveCfg = Debug|x86
		{8E3C642D-FB72-4D42-98A9-FFAAA27A551B}.Debug|Mixed Platforms.Build.0 = Debug|x86
		{8E3C642D-FB72-4D42-98A9-FFAAA27A551B}.Debug|Win32.ActiveCfg = Debug|x86
		{8E3C642D-FB72-4D42-98A9-FFAAA27A551B}.Debug|x86.ActiveCfg = Debug|x86
		{8E3C642D-FB72-4D42-98A9-FFAAA27A551B}.Debug|x86.Build.0 = Debug|x86
		{8E3C642D-FB72-4D42-98A9-FFAAA27A551B}.Release|Any CPU.ActiveCfg = Release|x86
		{8E3C642D-FB72-4D42-98A9-FFAAA27A551B}.Release|Mixed Platforms.ActiveCfg = Release|x86
		{8E3C642D-FB72-4D42-98A9-FFAAA27A551B}.Release|Mixed Platforms.Build.0 = Release|x86
		{8E3C642D-FB72-4D42-98A9-FFAAA27A551B}.Release|Win32.ActiveCfg = Release|x86
		{8E3C642D-FB72-4D42-98A9-FFAAA27A551B}.Release|x86.ActiveCfg = Release|x86
		{8E3C642D-FB72-4D42-98A9-FFAAA27A551B}.Release|x86.Build.0 = Release|x86
		{DEA165DA-678C-4CAF-AA0C-569B6100958B}.Debug|Any CPU.ActiveCfg = Debug|Any CPU
		{DEA165DA-678C-4CAF-AA0C-569B6100958B}.Debug|Any CPU.Build.0 = Debug|Any CPU
		{DEA165DA-678C-4CAF-AA0C-569B6100958B}.Debug|Mixed Platforms.ActiveCfg = Debug|Any CPU
		{DEA165DA-678C-4CAF-AA0C-569B6100958B}.Debug|Mixed Platforms.Build.0 = Debug|Any CPU
		{DEA165DA-678C-4CAF-AA0C-569B6100958B}.Debug|Win32.ActiveCfg = Debug|Any CPU
		{DEA165DA-678C-4CAF-AA0C-569B6100958B}.Debug|x86.ActiveCfg = Debug|Any CPU
		{DEA165DA-678C-4CAF-AA0C-569B6100958B}.Debug|x86.Build.0 = Debug|Any CPU
		{DEA165DA-678C-4CAF-AA0C-569B6100958B}.Release|Any CPU.ActiveCfg = Release|Any CPU
		{DEA165DA-678C-4CAF-AA0C-569B6100958B}.Release|Any CPU.Build.0 = Release|Any CPU
		{DEA165DA-678C-4CAF-AA0C-569B6100958B}.Release|Mixed Platforms.ActiveCfg = Release|Any CPU
		{DEA165DA-678C-4CAF-AA0C-569B6100958B}.Release|Mixed Platforms.Build.0 = Release|Any CPU
		{DEA165DA-678C-4CAF-AA0C-569B6100958B}.Release|Win32.ActiveCfg = Release|Any CPU
		{DEA165DA-678C-4CAF-AA0C-569B6100958B}.Release|x86.ActiveCfg = Release|Any CPU
	EndGlobalSection
	GlobalSection(SolutionProperties) = preSolution
		HideSolutionNode = FALSE
	EndGlobalSection
EndGlobal
