
Microsoft Visual Studio Solution File, Format Version 12.00
# Visual Studio 14
VisualStudioVersion = 14.0.25123.0
MinimumVisualStudioVersion = 10.0.40219.1
Project("{888888A0-9F3D-457C-B088-3A5042F75D52}") = "GameDataSync", "Code\GameDataSync.pyproj", "{060F785D-45D2-45F2-A032-2BCBEF18763A}"
EndProject
Project("{2150E333-8FDC-42A3-9474-1A3956D46DE8}") = "Documents", "Documents", "{F1DE8DD1-5150-4AD7-B177-2AB21943A0E2}"
	ProjectSection(SolutionItems) = preProject
		Documents\9you\ApiTestKey.doc = Documents\9you\ApiTestKey.doc
		Documents\bs_gamelibrary_cn_504560_all_sql.zip = Documents\bs_gamelibrary_cn_504560_all_sql.zip
		Documents\CreateDB.sql = Documents\CreateDB.sql
		Documents\9you\GameData_All_九游游戏中心通用数据导出接口.doc = Documents\9you\GameData_All_九游游戏中心通用数据导出接口.doc
		readme.txt = readme.txt
		Documents\9you\正式密钥.xlsx = Documents\9you\正式密钥.xlsx
		Documents\游戏数据同步开发计划.xlsx = Documents\游戏数据同步开发计划.xlsx
	EndProjectSection
EndProject
Global
	GlobalSection(SolutionConfigurationPlatforms) = preSolution
		Debug|Any CPU = Debug|Any CPU
		Release|Any CPU = Release|Any CPU
	EndGlobalSection
	GlobalSection(ProjectConfigurationPlatforms) = postSolution
		{060F785D-45D2-45F2-A032-2BCBEF18763A}.Debug|Any CPU.ActiveCfg = Debug|Any CPU
		{060F785D-45D2-45F2-A032-2BCBEF18763A}.Release|Any CPU.ActiveCfg = Release|Any CPU
	EndGlobalSection
	GlobalSection(SolutionProperties) = preSolution
		HideSolutionNode = FALSE
	EndGlobalSection
EndGlobal
